{
  "lockfileVersion": 1,
  "configVersion": 1,
  "workspaces": {
    "": {
      "name": "awesome-figclip",
      "dependencies": {
        "fzstd": "^0.1.1",
        "kiwi-schema": "^0.5.0",
      },
    },
  },
  "packages": {
    "fzstd": ["fzstd@0.1.1", "", {}, "sha512-dkuVSOKKwh3eas5VkJy1AW1vFpet8TA/fGmVA5krThl8YcOVE/8ZIoEA1+U1vEn5ckxxhLirSdY837azmbaNHA=="],

    "kiwi-schema": ["kiwi-schema@0.5.0", "", { "bin": { "kiwic": "cli.js" } }, "sha512-X+FpfU0yTEtc6aTHS7VwbOpvQwRt70+pXXWRI5fd6CvWhe7pSVC854TVo4Zo0x5/wwcWj+/9KUlXpdcP0dY9AA=="],
  }
}
